// !$*UTF8*$!
{
	archiveVersion = 1;
	classes = {
	};
	objectVersion = 56;
	objects = {

/* Begin PBXBuildFile section */
		04BA5E6F28E113080080EF20 /* CookApp.swift in Sources */ = {isa = PBXBuildFile; fileRef = 04BA5E6E28E113080080EF20 /* CookApp.swift */; };
		04BA5E7328E113090080EF20 /* Assets.xcassets in Resources */ = {isa = PBXBuildFile; fileRef = 04BA5E7228E113090080EF20 /* Assets.xcassets */; };
		04BA5E7D28E1133D0080EF20 /* RootView.swift in Sources */ = {isa = PBXBuildFile; fileRef = 04BA5E7C28E1133D0080EF20 /* RootView.swift */; };
		04BA5E8128E113C60080EF20 /* RecipesView.swift in Sources */ = {isa = PBXBuildFile; fileRef = 04BA5E8028E113C60080EF20 /* RecipesView.swift */; };
		04BA5E8528E115760080EF20 /* PlanView.swift in Sources */ = {isa = PBXBuildFile; fileRef = 04BA5E8428E115760080EF20 /* PlanView.swift */; };
		04BA5E8728E116F50080EF20 /* DataController.swift in Sources */ = {isa = PBXBuildFile; fileRef = 04BA5E8628E116F50080EF20 /* DataController.swift */; };
		04BA5E8A28E1179A0080EF20 /* Model.xcdatamodeld in Sources */ = {isa = PBXBuildFile; fileRef = 04BA5E8828E1179A0080EF20 /* Model.xcdatamodeld */; };
		04BA5E8E28E11AB70080EF20 /* RecipeView.swift in Sources */ = {isa = PBXBuildFile; fileRef = 04BA5E8D28E11AB70080EF20 /* RecipeView.swift */; };
		04BA5E9028E11BCE0080EF20 /* View.swift in Sources */ = {isa = PBXBuildFile; fileRef = 04BA5E8F28E11BCE0080EF20 /* View.swift */; };
		04BA5E9228E11C630080EF20 /* Haptics.swift in Sources */ = {isa = PBXBuildFile; fileRef = 04BA5E9128E11C630080EF20 /* Haptics.swift */; };
		04BA5E9428E11E4F0080EF20 /* Collection.swift in Sources */ = {isa = PBXBuildFile; fileRef = 04BA5E9328E11E4F0080EF20 /* Collection.swift */; };
		04BA5E9C28E233010080EF20 /* Date.swift in Sources */ = {isa = PBXBuildFile; fileRef = 04BA5E9B28E233010080EF20 /* Date.swift */; };
		04BA5EAA28E25FF20080EF20 /* IngredientsView.swift in Sources */ = {isa = PBXBuildFile; fileRef = 04BA5EA928E25FF20080EF20 /* IngredientsView.swift */; };
		04BA5EAC28E2737A0080EF20 /* PlanRow.swift in Sources */ = {isa = PBXBuildFile; fileRef = 04BA5EAB28E2737A0080EF20 /* PlanRow.swift */; };
		04BA5EAE28E275520080EF20 /* Meal.swift in Sources */ = {isa = PBXBuildFile; fileRef = 04BA5EAD28E275520080EF20 /* Meal.swift */; };
		04BA5EB028E275CB0080EF20 /* Row.swift in Sources */ = {isa = PBXBuildFile; fileRef = 04BA5EAF28E275CB0080EF20 /* Row.swift */; };
		04BA5EB228E27CA30080EF20 /* Repeat.swift in Sources */ = {isa = PBXBuildFile; fileRef = 04BA5EB128E27CA30080EF20 /* Repeat.swift */; };
		04BA5EB428E3144A0080EF20 /* EditButton.swift in Sources */ = {isa = PBXBuildFile; fileRef = 04BA5EB328E3144A0080EF20 /* EditButton.swift */; };
		04C895B928E334CD00F94E01 /* DeleteButton.swift in Sources */ = {isa = PBXBuildFile; fileRef = 04C895B828E334CD00F94E01 /* DeleteButton.swift */; };
		04C895BB28E340C300F94E01 /* EditMode.swift in Sources */ = {isa = PBXBuildFile; fileRef = 04C895BA28E340C300F94E01 /* EditMode.swift */; };
		04C895BD28E3779800F94E01 /* ListView.swift in Sources */ = {isa = PBXBuildFile; fileRef = 04C895BC28E3779800F94E01 /* ListView.swift */; };
		04C895C128E3916400F94E01 /* ErrorLabel.swift in Sources */ = {isa = PBXBuildFile; fileRef = 04C895C028E3916400F94E01 /* ErrorLabel.swift */; };
		04C895C328E3B05500F94E01 /* RecipeRow.swift in Sources */ = {isa = PBXBuildFile; fileRef = 04C895C228E3B05500F94E01 /* RecipeRow.swift */; };
		04C895C528E514E700F94E01 /* RecipeType.swift in Sources */ = {isa = PBXBuildFile; fileRef = 04C895C428E514E700F94E01 /* RecipeType.swift */; };
		04C895C728E5178000F94E01 /* Speed.swift in Sources */ = {isa = PBXBuildFile; fileRef = 04C895C628E5178000F94E01 /* Speed.swift */; };
		04C895C928E59F5E00F94E01 /* AllDaysView.swift in Sources */ = {isa = PBXBuildFile; fileRef = 04C895C828E59F5E00F94E01 /* AllDaysView.swift */; };
		04C895CF28E5A27000F94E01 /* PlanList.swift in Sources */ = {isa = PBXBuildFile; fileRef = 04C895CE28E5A27000F94E01 /* PlanList.swift */; };
		04C895D328E5B8B200F94E01 /* IngredientRow.swift in Sources */ = {isa = PBXBuildFile; fileRef = 04C895D228E5B8B200F94E01 /* IngredientRow.swift */; };
		04C895D528E5C2C700F94E01 /* String.swift in Sources */ = {isa = PBXBuildFile; fileRef = 04C895D428E5C2C700F94E01 /* String.swift */; };
		04C895DF28E65DF700F94E01 /* WelcomeView.swift in Sources */ = {isa = PBXBuildFile; fileRef = 04C895DA28E65CFC00F94E01 /* WelcomeView.swift */; };
		04DC76F528E7A52E00B07616 /* InfoView.swift in Sources */ = {isa = PBXBuildFile; fileRef = 04DC76F328E7A52E00B07616 /* InfoView.swift */; };
/* End PBXBuildFile section */

/* Begin PBXFileReference section */
		04BA5E6B28E113080080EF20 /* Cook.app */ = {isa = PBXFileReference; explicitFileType = wrapper.application; includeInIndex = 0; path = Cook.app; sourceTree = BUILT_PRODUCTS_DIR; };
		04BA5E6E28E113080080EF20 /* CookApp.swift */ = {isa = PBXFileReference; lastKnownFileType = sourcecode.swift; path = CookApp.swift; sourceTree = "<group>"; };
		04BA5E7228E113090080EF20 /* Assets.xcassets */ = {isa = PBXFileReference; lastKnownFileType = folder.assetcatalog; path = Assets.xcassets; sourceTree = "<group>"; };
		04BA5E7C28E1133D0080EF20 /* RootView.swift */ = {isa = PBXFileReference; lastKnownFileType = sourcecode.swift; path = RootView.swift; sourceTree = "<group>"; };
		04BA5E8028E113C60080EF20 /* RecipesView.swift */ = {isa = PBXFileReference; lastKnownFileType = sourcecode.swift; path = RecipesView.swift; sourceTree = "<group>"; };
		04BA5E8428E115760080EF20 /* PlanView.swift */ = {isa = PBXFileReference; lastKnownFileType = sourcecode.swift; path = PlanView.swift; sourceTree = "<group>"; };
		04BA5E8628E116F50080EF20 /* DataController.swift */ = {isa = PBXFileReference; lastKnownFileType = sourcecode.swift; path = DataController.swift; sourceTree = "<group>"; };
		04BA5E8928E1179A0080EF20 /* Model.xcdatamodel */ = {isa = PBXFileReference; lastKnownFileType = wrapper.xcdatamodel; path = Model.xcdatamodel; sourceTree = "<group>"; };
		04BA5E8D28E11AB70080EF20 /* RecipeView.swift */ = {isa = PBXFileReference; lastKnownFileType = sourcecode.swift; path = RecipeView.swift; sourceTree = "<group>"; };
		04BA5E8F28E11BCE0080EF20 /* View.swift */ = {isa = PBXFileReference; fileEncoding = 4; lastKnownFileType = sourcecode.swift; path = View.swift; sourceTree = "<group>"; };
		04BA5E9128E11C630080EF20 /* Haptics.swift */ = {isa = PBXFileReference; fileEncoding = 4; lastKnownFileType = sourcecode.swift; path = Haptics.swift; sourceTree = "<group>"; };
		04BA5E9328E11E4F0080EF20 /* Collection.swift */ = {isa = PBXFileReference; fileEncoding = 4; lastKnownFileType = sourcecode.swift; path = Collection.swift; sourceTree = "<group>"; };
		04BA5E9B28E233010080EF20 /* Date.swift */ = {isa = PBXFileReference; fileEncoding = 4; lastKnownFileType = sourcecode.swift; path = Date.swift; sourceTree = "<group>"; };
		04BA5EA928E25FF20080EF20 /* IngredientsView.swift */ = {isa = PBXFileReference; lastKnownFileType = sourcecode.swift; path = IngredientsView.swift; sourceTree = "<group>"; };
		04BA5EAB28E2737A0080EF20 /* PlanRow.swift */ = {isa = PBXFileReference; lastKnownFileType = sourcecode.swift; path = PlanRow.swift; sourceTree = "<group>"; };
		04BA5EAD28E275520080EF20 /* Meal.swift */ = {isa = PBXFileReference; lastKnownFileType = sourcecode.swift; path = Meal.swift; sourceTree = "<group>"; };
		04BA5EAF28E275CB0080EF20 /* Row.swift */ = {isa = PBXFileReference; fileEncoding = 4; lastKnownFileType = sourcecode.swift; path = Row.swift; sourceTree = "<group>"; };
		04BA5EB128E27CA30080EF20 /* Repeat.swift */ = {isa = PBXFileReference; lastKnownFileType = sourcecode.swift; path = Repeat.swift; sourceTree = "<group>"; };
		04BA5EB328E3144A0080EF20 /* EditButton.swift */ = {isa = PBXFileReference; lastKnownFileType = sourcecode.swift; path = EditButton.swift; sourceTree = "<group>"; };
		04C895B828E334CD00F94E01 /* DeleteButton.swift */ = {isa = PBXFileReference; lastKnownFileType = sourcecode.swift; path = DeleteButton.swift; sourceTree = "<group>"; };
		04C895BA28E340C300F94E01 /* EditMode.swift */ = {isa = PBXFileReference; lastKnownFileType = sourcecode.swift; path = EditMode.swift; sourceTree = "<group>"; };
		04C895BC28E3779800F94E01 /* ListView.swift */ = {isa = PBXFileReference; lastKnownFileType = sourcecode.swift; path = ListView.swift; sourceTree = "<group>"; };
		04C895C028E3916400F94E01 /* ErrorLabel.swift */ = {isa = PBXFileReference; lastKnownFileType = sourcecode.swift; path = ErrorLabel.swift; sourceTree = "<group>"; };
		04C895C228E3B05500F94E01 /* RecipeRow.swift */ = {isa = PBXFileReference; lastKnownFileType = sourcecode.swift; path = RecipeRow.swift; sourceTree = "<group>"; };
		04C895C428E514E700F94E01 /* RecipeType.swift */ = {isa = PBXFileReference; lastKnownFileType = sourcecode.swift; path = RecipeType.swift; sourceTree = "<group>"; };
		04C895C628E5178000F94E01 /* Speed.swift */ = {isa = PBXFileReference; lastKnownFileType = sourcecode.swift; path = Speed.swift; sourceTree = "<group>"; };
		04C895C828E59F5E00F94E01 /* AllDaysView.swift */ = {isa = PBXFileReference; lastKnownFileType = sourcecode.swift; path = AllDaysView.swift; sourceTree = "<group>"; };
		04C895CE28E5A27000F94E01 /* PlanList.swift */ = {isa = PBXFileReference; lastKnownFileType = sourcecode.swift; path = PlanList.swift; sourceTree = "<group>"; };
		04C895D228E5B8B200F94E01 /* IngredientRow.swift */ = {isa = PBXFileReference; lastKnownFileType = sourcecode.swift; path = IngredientRow.swift; sourceTree = "<group>"; };
		04C895D428E5C2C700F94E01 /* String.swift */ = {isa = PBXFileReference; lastKnownFileType = sourcecode.swift; path = String.swift; sourceTree = "<group>"; };
		04C895DA28E65CFC00F94E01 /* WelcomeView.swift */ = {isa = PBXFileReference; fileEncoding = 4; lastKnownFileType = sourcecode.swift; path = WelcomeView.swift; sourceTree = "<group>"; };
		04DC76F328E7A52E00B07616 /* InfoView.swift */ = {isa = PBXFileReference; fileEncoding = 4; lastKnownFileType = sourcecode.swift; path = InfoView.swift; sourceTree = "<group>"; };
/* End PBXFileReference section */

/* Begin PBXFrameworksBuildPhase section */
		04BA5E6828E113080080EF20 /* Frameworks */ = {
			isa = PBXFrameworksBuildPhase;
			buildActionMask = 2147483647;
			files = (
			);
			runOnlyForDeploymentPostprocessing = 0;
		};
/* End PBXFrameworksBuildPhase section */

/* Begin PBXGroup section */
		04BA5E6228E113080080EF20 = {
			isa = PBXGroup;
			children = (
				04BA5E6D28E113080080EF20 /* Cook */,
				04BA5E6C28E113080080EF20 /* Products */,
			);
			sourceTree = "<group>";
		};
		04BA5E6C28E113080080EF20 /* Products */ = {
			isa = PBXGroup;
			children = (
				04BA5E6B28E113080080EF20 /* Cook.app */,
			);
			name = Products;
			sourceTree = "<group>";
		};
		04BA5E6D28E113080080EF20 /* Cook */ = {
			isa = PBXGroup;
			children = (
				04BA5E6E28E113080080EF20 /* CookApp.swift */,
				04BA5E7228E113090080EF20 /* Assets.xcassets */,
				04BA5E8828E1179A0080EF20 /* Model.xcdatamodeld */,
				04BA5E9728E22C680080EF20 /* Views */,
				04BA5E9928E22C800080EF20 /* Models */,
				04BA5E9828E22C750080EF20 /* Extensions */,
			);
			path = Cook;
			sourceTree = "<group>";
		};
		04BA5E9728E22C680080EF20 /* Views */ = {
			isa = PBXGroup;
			children = (
				04BA5E7C28E1133D0080EF20 /* RootView.swift */,
				04C895DA28E65CFC00F94E01 /* WelcomeView.swift */,
				04DC76F328E7A52E00B07616 /* InfoView.swift */,
				04BA5E8428E115760080EF20 /* PlanView.swift */,
				04C895CE28E5A27000F94E01 /* PlanList.swift */,
				04BA5EAB28E2737A0080EF20 /* PlanRow.swift */,
				04C895C828E59F5E00F94E01 /* AllDaysView.swift */,
				04BA5E8028E113C60080EF20 /* RecipesView.swift */,
				04C895C228E3B05500F94E01 /* RecipeRow.swift */,
				04BA5E8D28E11AB70080EF20 /* RecipeView.swift */,
				04BA5EA928E25FF20080EF20 /* IngredientsView.swift */,
				04C895D228E5B8B200F94E01 /* IngredientRow.swift */,
				04C895BC28E3779800F94E01 /* ListView.swift */,
				04BA5EB528E3146D0080EF20 /* Extra */,
			);
			path = Views;
			sourceTree = "<group>";
		};
		04BA5E9828E22C750080EF20 /* Extensions */ = {
			isa = PBXGroup;
			children = (
				04BA5E8F28E11BCE0080EF20 /* View.swift */,
				04BA5E9B28E233010080EF20 /* Date.swift */,
				04BA5E9328E11E4F0080EF20 /* Collection.swift */,
				04C895D428E5C2C700F94E01 /* String.swift */,
				04C895BA28E340C300F94E01 /* EditMode.swift */,
			);
			path = Extensions;
			sourceTree = "<group>";
		};
		04BA5E9928E22C800080EF20 /* Models */ = {
			isa = PBXGroup;
			children = (
				04BA5E8628E116F50080EF20 /* DataController.swift */,
				04BA5E9128E11C630080EF20 /* Haptics.swift */,
				04BA5EAD28E275520080EF20 /* Meal.swift */,
				04BA5EB128E27CA30080EF20 /* Repeat.swift */,
				04C895C628E5178000F94E01 /* Speed.swift */,
				04C895C428E514E700F94E01 /* RecipeType.swift */,
			);
			path = Models;
			sourceTree = "<group>";
		};
		04BA5EB528E3146D0080EF20 /* Extra */ = {
			isa = PBXGroup;
			children = (
				04BA5EAF28E275CB0080EF20 /* Row.swift */,
				04C895C028E3916400F94E01 /* ErrorLabel.swift */,
				04BA5EB328E3144A0080EF20 /* EditButton.swift */,
				04C895B828E334CD00F94E01 /* DeleteButton.swift */,
			);
			path = Extra;
			sourceTree = "<group>";
		};
/* End PBXGroup section */

/* Begin PBXNativeTarget section */
		04BA5E6A28E113080080EF20 /* Cook */ = {
			isa = PBXNativeTarget;
			buildConfigurationList = 04BA5E7928E113090080EF20 /* Build configuration list for PBXNativeTarget "Cook" */;
			buildPhases = (
				04BA5E6728E113080080EF20 /* Sources */,
				04BA5E6828E113080080EF20 /* Frameworks */,
				04BA5E6928E113080080EF20 /* Resources */,
			);
			buildRules = (
			);
			dependencies = (
			);
			name = Cook;
			productName = Cook;
			productReference = 04BA5E6B28E113080080EF20 /* Cook.app */;
			productType = "com.apple.product-type.application";
		};
/* End PBXNativeTarget section */

/* Begin PBXProject section */
		04BA5E6328E113080080EF20 /* Project object */ = {
			isa = PBXProject;
			attributes = {
				BuildIndependentTargetsInParallel = 1;
				LastSwiftUpdateCheck = 1400;
				LastUpgradeCheck = 1400;
				TargetAttributes = {
					04BA5E6A28E113080080EF20 = {
						CreatedOnToolsVersion = 14.0;
					};
				};
			};
			buildConfigurationList = 04BA5E6628E113080080EF20 /* Build configuration list for PBXProject "Cook" */;
			compatibilityVersion = "Xcode 14.0";
			developmentRegion = en;
			hasScannedForEncodings = 0;
			knownRegions = (
				en,
				Base,
			);
			mainGroup = 04BA5E6228E113080080EF20;
			productRefGroup = 04BA5E6C28E113080080EF20 /* Products */;
			projectDirPath = "";
			projectRoot = "";
			targets = (
				04BA5E6A28E113080080EF20 /* Cook */,
			);
		};
/* End PBXProject section */

/* Begin PBXResourcesBuildPhase section */
		04BA5E6928E113080080EF20 /* Resources */ = {
			isa = PBXResourcesBuildPhase;
			buildActionMask = 2147483647;
			files = (
				04BA5E7328E113090080EF20 /* Assets.xcassets in Resources */,
			);
			runOnlyForDeploymentPostprocessing = 0;
		};
/* End PBXResourcesBuildPhase section */

/* Begin PBXSourcesBuildPhase section */
		04BA5E6728E113080080EF20 /* Sources */ = {
			isa = PBXSourcesBuildPhase;
			buildActionMask = 2147483647;
			files = (
				04BA5E9228E11C630080EF20 /* Haptics.swift in Sources */,
				04C895C128E3916400F94E01 /* ErrorLabel.swift in Sources */,
				04BA5E6F28E113080080EF20 /* CookApp.swift in Sources */,
				04DC76F528E7A52E00B07616 /* InfoView.swift in Sources */,
				04BA5EAE28E275520080EF20 /* Meal.swift in Sources */,
				04BA5EAC28E2737A0080EF20 /* PlanRow.swift in Sources */,
				04BA5E8E28E11AB70080EF20 /* RecipeView.swift in Sources */,
				04BA5E9428E11E4F0080EF20 /* Collection.swift in Sources */,
				04BA5E8A28E1179A0080EF20 /* Model.xcdatamodeld in Sources */,
				04BA5E8128E113C60080EF20 /* RecipesView.swift in Sources */,
				04BA5EB228E27CA30080EF20 /* Repeat.swift in Sources */,
				04BA5E9C28E233010080EF20 /* Date.swift in Sources */,
				04BA5EAA28E25FF20080EF20 /* IngredientsView.swift in Sources */,
				04BA5E7D28E1133D0080EF20 /* RootView.swift in Sources */,
				04C895BD28E3779800F94E01 /* ListView.swift in Sources */,
				04C895DF28E65DF700F94E01 /* WelcomeView.swift in Sources */,
				04C895C928E59F5E00F94E01 /* AllDaysView.swift in Sources */,
				04C895C328E3B05500F94E01 /* RecipeRow.swift in Sources */,
				04C895CF28E5A27000F94E01 /* PlanList.swift in Sources */,
				04C895C728E5178000F94E01 /* Speed.swift in Sources */,
				04C895D528E5C2C700F94E01 /* String.swift in Sources */,
				04BA5E8528E115760080EF20 /* PlanView.swift in Sources */,
				04BA5E9028E11BCE0080EF20 /* View.swift in Sources */,
				04C895B928E334CD00F94E01 /* DeleteButton.swift in Sources */,
				04C895D328E5B8B200F94E01 /* IngredientRow.swift in Sources */,
				04BA5EB428E3144A0080EF20 /* EditButton.swift in Sources */,
				04BA5EB028E275CB0080EF20 /* Row.swift in Sources */,
				04C895BB28E340C300F94E01 /* EditMode.swift in Sources */,
				04C895C528E514E700F94E01 /* RecipeType.swift in Sources */,
				04BA5E8728E116F50080EF20 /* DataController.swift in Sources */,
			);
			runOnlyForDeploymentPostprocessing = 0;
		};
/* End PBXSourcesBuildPhase section */

/* Begin XCBuildConfiguration section */
		04BA5E7728E113090080EF20 /* Debug */ = {
			isa = XCBuildConfiguration;
			buildSettings = {
				ALWAYS_SEARCH_USER_PATHS = NO;
				CLANG_ANALYZER_NONNULL = YES;
				CLANG_ANALYZER_NUMBER_OBJECT_CONVERSION = YES_AGGRESSIVE;
				CLANG_CXX_LANGUAGE_STANDARD = "gnu++20";
				CLANG_ENABLE_MODULES = YES;
				CLANG_ENABLE_OBJC_ARC = YES;
				CLANG_ENABLE_OBJC_WEAK = YES;
				CLANG_WARN_BLOCK_CAPTURE_AUTORELEASING = YES;
				CLANG_WARN_BOOL_CONVERSION = YES;
				CLANG_WARN_COMMA = YES;
				CLANG_WARN_CONSTANT_CONVERSION = YES;
				CLANG_WARN_DEPRECATED_OBJC_IMPLEMENTATIONS = YES;
				CLANG_WARN_DIRECT_OBJC_ISA_USAGE = YES_ERROR;
				CLANG_WARN_DOCUMENTATION_COMMENTS = YES;
				CLANG_WARN_EMPTY_BODY = YES;
				CLANG_WARN_ENUM_CONVERSION = YES;
				CLANG_WARN_INFINITE_RECURSION = YES;
				CLANG_WARN_INT_CONVERSION = YES;
				CLANG_WARN_NON_LITERAL_NULL_CONVERSION = YES;
				CLANG_WARN_OBJC_IMPLICIT_RETAIN_SELF = YES;
				CLANG_WARN_OBJC_LITERAL_CONVERSION = YES;
				CLANG_WARN_OBJC_ROOT_CLASS = YES_ERROR;
				CLANG_WARN_QUOTED_INCLUDE_IN_FRAMEWORK_HEADER = YES;
				CLANG_WARN_RANGE_LOOP_ANALYSIS = YES;
				CLANG_WARN_STRICT_PROTOTYPES = YES;
				CLANG_WARN_SUSPICIOUS_MOVE = YES;
				CLANG_WARN_UNGUARDED_AVAILABILITY = YES_AGGRESSIVE;
				CLANG_WARN_UNREACHABLE_CODE = YES;
				CLANG_WARN__DUPLICATE_METHOD_MATCH = YES;
				COPY_PHASE_STRIP = NO;
				DEBUG_INFORMATION_FORMAT = dwarf;
				ENABLE_STRICT_OBJC_MSGSEND = YES;
				ENABLE_TESTABILITY = YES;
				GCC_C_LANGUAGE_STANDARD = gnu11;
				GCC_DYNAMIC_NO_PIC = NO;
				GCC_NO_COMMON_BLOCKS = YES;
				GCC_OPTIMIZATION_LEVEL = 0;
				GCC_PREPROCESSOR_DEFINITIONS = (
					"DEBUG=1",
					"$(inherited)",
				);
				GCC_WARN_64_TO_32_BIT_CONVERSION = YES;
				GCC_WARN_ABOUT_RETURN_TYPE = YES_ERROR;
				GCC_WARN_UNDECLARED_SELECTOR = YES;
				GCC_WARN_UNINITIALIZED_AUTOS = YES_AGGRESSIVE;
				GCC_WARN_UNUSED_FUNCTION = YES;
				GCC_WARN_UNUSED_VARIABLE = YES;
				IPHONEOS_DEPLOYMENT_TARGET = 16.0;
				MTL_ENABLE_DEBUG_INFO = INCLUDE_SOURCE;
				MTL_FAST_MATH = YES;
				ONLY_ACTIVE_ARCH = YES;
				SDKROOT = iphoneos;
				SWIFT_ACTIVE_COMPILATION_CONDITIONS = DEBUG;
				SWIFT_OPTIMIZATION_LEVEL = "-Onone";
			};
			name = Debug;
		};
		04BA5E7828E113090080EF20 /* Release */ = {
			isa = XCBuildConfiguration;
			buildSettings = {
				ALWAYS_SEARCH_USER_PATHS = NO;
				CLANG_ANALYZER_NONNULL = YES;
				CLANG_ANALYZER_NUMBER_OBJECT_CONVERSION = YES_AGGRESSIVE;
				CLANG_CXX_LANGUAGE_STANDARD = "gnu++20";
				CLANG_ENABLE_MODULES = YES;
				CLANG_ENABLE_OBJC_ARC = YES;
				CLANG_ENABLE_OBJC_WEAK = YES;
				CLANG_WARN_BLOCK_CAPTURE_AUTORELEASING = YES;
				CLANG_WARN_BOOL_CONVERSION = YES;
				CLANG_WARN_COMMA = YES;
				CLANG_WARN_CONSTANT_CONVERSION = YES;
				CLANG_WARN_DEPRECATED_OBJC_IMPLEMENTATIONS = YES;
				CLANG_WARN_DIRECT_OBJC_ISA_USAGE = YES_ERROR;
				CLANG_WARN_DOCUMENTATION_COMMENTS = YES;
				CLANG_WARN_EMPTY_BODY = YES;
				CLANG_WARN_ENUM_CONVERSION = YES;
				CLANG_WARN_INFINITE_RECURSION = YES;
				CLANG_WARN_INT_CONVERSION = YES;
				CLANG_WARN_NON_LITERAL_NULL_CONVERSION = YES;
				CLANG_WARN_OBJC_IMPLICIT_RETAIN_SELF = YES;
				CLANG_WARN_OBJC_LITERAL_CONVERSION = YES;
				CLANG_WARN_OBJC_ROOT_CLASS = YES_ERROR;
				CLANG_WARN_QUOTED_INCLUDE_IN_FRAMEWORK_HEADER = YES;
				CLANG_WARN_RANGE_LOOP_ANALYSIS = YES;
				CLANG_WARN_STRICT_PROTOTYPES = YES;
				CLANG_WARN_SUSPICIOUS_MOVE = YES;
				CLANG_WARN_UNGUARDED_AVAILABILITY = YES_AGGRESSIVE;
				CLANG_WARN_UNREACHABLE_CODE = YES;
				CLANG_WARN__DUPLICATE_METHOD_MATCH = YES;
				COPY_PHASE_STRIP = NO;
				DEBUG_INFORMATION_FORMAT = "dwarf-with-dsym";
				ENABLE_NS_ASSERTIONS = NO;
				ENABLE_STRICT_OBJC_MSGSEND = YES;
				GCC_C_LANGUAGE_STANDARD = gnu11;
				GCC_NO_COMMON_BLOCKS = YES;
				GCC_WARN_64_TO_32_BIT_CONVERSION = YES;
				GCC_WARN_ABOUT_RETURN_TYPE = YES_ERROR;
				GCC_WARN_UNDECLARED_SELECTOR = YES;
				GCC_WARN_UNINITIALIZED_AUTOS = YES_AGGRESSIVE;
				GCC_WARN_UNUSED_FUNCTION = YES;
				GCC_WARN_UNUSED_VARIABLE = YES;
				IPHONEOS_DEPLOYMENT_TARGET = 16.0;
				MTL_ENABLE_DEBUG_INFO = NO;
				MTL_FAST_MATH = YES;
				SDKROOT = iphoneos;
				SWIFT_COMPILATION_MODE = wholemodule;
				SWIFT_OPTIMIZATION_LEVEL = "-O";
				VALIDATE_PRODUCT = YES;
			};
			name = Release;
		};
		04BA5E7A28E113090080EF20 /* Debug */ = {
			isa = XCBuildConfiguration;
			buildSettings = {
				ASSETCATALOG_COMPILER_APPICON_NAME = AppIcon;
				ASSETCATALOG_COMPILER_GLOBAL_ACCENT_COLOR_NAME = AccentColor;
				ASSETCATALOG_COMPILER_INCLUDE_ALL_APPICON_ASSETS = NO;
				CODE_SIGN_STYLE = Automatic;
				CURRENT_PROJECT_VERSION = 4;
				DEVELOPMENT_ASSET_PATHS = "";
				DEVELOPMENT_TEAM = 4CQW4CFFYT;
				ENABLE_PREVIEWS = YES;
				GENERATE_INFOPLIST_FILE = YES;
				INFOPLIST_KEY_CFBundleDisplayName = "Just Cook";
				INFOPLIST_KEY_UIApplicationSceneManifest_Generation = YES;
				INFOPLIST_KEY_UIApplicationSupportsIndirectInputEvents = YES;
				INFOPLIST_KEY_UILaunchScreen_Generation = YES;
				INFOPLIST_KEY_UISupportedInterfaceOrientations_iPad = "UIInterfaceOrientationPortrait UIInterfaceOrientationPortraitUpsideDown UIInterfaceOrientationLandscapeLeft UIInterfaceOrientationLandscapeRight";
				INFOPLIST_KEY_UISupportedInterfaceOrientations_iPhone = "UIInterfaceOrientationPortrait UIInterfaceOrientationLandscapeLeft UIInterfaceOrientationLandscapeRight";
				IPHONEOS_DEPLOYMENT_TARGET = 15.0;
				LD_RUNPATH_SEARCH_PATHS = (
					"$(inherited)",
					"@executable_path/Frameworks",
				);
				MARKETING_VERSION = 1.0;
				PRODUCT_BUNDLE_IDENTIFIER = com.jackfinnis.Cook;
				PRODUCT_NAME = "$(TARGET_NAME)";
				SWIFT_EMIT_LOC_STRINGS = YES;
				SWIFT_VERSION = 5.0;
				TARGETED_DEVICE_FAMILY = "1,2";
			};
			name = Debug;
		};
		04BA5E7B28E113090080EF20 /* Release */ = {
			isa = XCBuildConfiguration;
			buildSettings = {
				ASSETCATALOG_COMPILER_APPICON_NAME = AppIcon;
				ASSETCATALOG_COMPILER_GLOBAL_ACCENT_COLOR_NAME = AccentColor;
				ASSETCATALOG_COMPILER_INCLUDE_ALL_APPICON_ASSETS = NO;
				CODE_SIGN_STYLE = Automatic;
				CURRENT_PROJECT_VERSION = 4;
				DEVELOPMENT_ASSET_PATHS = "";
				DEVELOPMENT_TEAM = 4CQW4CFFYT;
				ENABLE_PREVIEWS = YES;
				GENERATE_INFOPLIST_FILE = YES;
				INFOPLIST_KEY_CFBundleDisplayName = "Just Cook";
				INFOPLIST_KEY_UIApplicationSceneManifest_Generation = YES;
				INFOPLIST_KEY_UIApplicationSupportsIndirectInputEvents = YES;
				INFOPLIST_KEY_UILaunchScreen_Generation = YES;
				INFOPLIST_KEY_UISupportedInterfaceOrientations_iPad = "UIInterfaceOrientationPortrait UIInterfaceOrientationPortraitUpsideDown UIInterfaceOrientationLandscapeLeft UIInterfaceOrientationLandscapeRight";
				INFOPLIST_KEY_UISupportedInterfaceOrientations_iPhone = "UIInterfaceOrientationPortrait UIInterfaceOrientationLandscapeLeft UIInterfaceOrientationLandscapeRight";
				IPHONEOS_DEPLOYMENT_TARGET = 15.0;
				LD_RUNPATH_SEARCH_PATHS = (
					"$(inherited)",
					"@executable_path/Frameworks",
				);
				MARKETING_VERSION = 1.0;
				PRODUCT_BUNDLE_IDENTIFIER = com.jackfinnis.Cook;
				PRODUCT_NAME = "$(TARGET_NAME)";
				SWIFT_EMIT_LOC_STRINGS = YES;
				SWIFT_VERSION = 5.0;
				TARGETED_DEVICE_FAMILY = "1,2";
			};
			name = Release;
		};
/* End XCBuildConfiguration section */

/* Begin XCConfigurationList section */
		04BA5E6628E113080080EF20 /* Build configuration list for PBXProject "Cook" */ = {
			isa = XCConfigurationList;
			buildConfigurations = (
				04BA5E7728E113090080EF20 /* Debug */,
				04BA5E7828E113090080EF20 /* Release */,
			);
			defaultConfigurationIsVisible = 0;
			defaultConfigurationName = Release;
		};
		04BA5E7928E113090080EF20 /* Build configuration list for PBXNativeTarget "Cook" */ = {
			isa = XCConfigurationList;
			buildConfigurations = (
				04BA5E7A28E113090080EF20 /* Debug */,
				04BA5E7B28E113090080EF20 /* Release */,
			);
			defaultConfigurationIsVisible = 0;
			defaultConfigurationName = Release;
		};
/* End XCConfigurationList section */

/* Begin XCVersionGroup section */
		04BA5E8828E1179A0080EF20 /* Model.xcdatamodeld */ = {
			isa = XCVersionGroup;
			children = (
				04BA5E8928E1179A0080EF20 /* Model.xcdatamodel */,
			);
			currentVersion = 04BA5E8928E1179A0080EF20 /* Model.xcdatamodel */;
			path = Model.xcdatamodeld;
			sourceTree = "<group>";
			versionGroupType = wrapper.xcdatamodel;
		};
/* End XCVersionGroup section */
	};
	rootObject = 04BA5E6328E113080080EF20 /* Project object */;
}
